
Microsoft Visual Studio Solution File, Format Version 12.00
# Visual Studio 15
VisualStudioVersion = 15.0.27428.2027
MinimumVisualStudioVersion = 10.0.40219.1
Project("{FAE04EC0-301F-11D3-BF4B-00C04F79EFBC}") = "InsertSorted", "InsertSorted\InsertSorted.csproj", "{D5FBF4D7-3CC5-4E35-BB2F-6F6DA832FE64}"
EndProject
Global
	GlobalSection(SolutionConfigurationPlatforms) = preSolution
		Debug|Any CPU = Debug|Any CPU
		Release|Any CPU = Release|Any CPU
	EndGlobalSection
	GlobalSection(ProjectConfigurationPlatforms) = postSolution
		{D5FBF4D7-3CC5-4E35-BB2F-6F6DA832FE64}.Debug|Any CPU.ActiveCfg = Debug|Any CPU
		{D5FBF4D7-3CC5-4E35-BB2F-6F6DA832FE64}.Debug|Any CPU.Build.0 = Debug|Any CPU
		{D5FBF4D7-3CC5-4E35-BB2F-6F6DA832FE64}.Release|Any CPU.ActiveCfg = Release|Any CPU
		{D5FBF4D7-3CC5-4E35-BB2F-6F6DA832FE64}.Release|Any CPU.Build.0 = Release|Any CPU
	EndGlobalSection
	GlobalSection(SolutionProperties) = preSolution
		HideSolutionNode = FALSE
	EndGlobalSection
	GlobalSection(ExtensibilityGlobals) = postSolution
		SolutionGuid = {E3AB0FB0-88B4-4EA5-A2FA-7C2DA79A7DDD}
	EndGlobalSection
EndGlobal
